
Microsoft Visual Studio Solution File, Format Version 12.00
# Visual Studio Version 16
VisualStudioVersion = 16.0.30320.27
MinimumVisualStudioVersion = 10.0.40219.1
Project("{FAE04EC0-301F-11D3-BF4B-00C04F79EFBC}") = "AuctionLogic", "AuctionLogic\AuctionLogic.csproj", "{8015A9B0-DF30-4AA0-8414-0AA19503E3BB}"
EndProject
Project("{FAE04EC0-301F-11D3-BF4B-00C04F79EFBC}") = "Auction.Tests", "Auction.Tests\Auction.Tests.csproj", "{49D18293-F76A-4059-824B-4A199B464150}"
EndProject
Global
	GlobalSection(SolutionConfigurationPlatforms) = preSolution
		Debug|Any CPU = Debug|Any CPU
		Release|Any CPU = Release|Any CPU
	EndGlobalSection
	GlobalSection(ProjectConfigurationPlatforms) = postSolution
		{8015A9B0-DF30-4AA0-8414-0AA19503E3BB}.Debug|Any CPU.ActiveCfg = Debug|Any CPU
		{8015A9B0-DF30-4AA0-8414-0AA19503E3BB}.Debug|Any CPU.Build.0 = Debug|Any CPU
		{8015A9B0-DF30-4AA0-8414-0AA19503E3BB}.Release|Any CPU.ActiveCfg = Release|Any CPU
		{8015A9B0-DF30-4AA0-8414-0AA19503E3BB}.Release|Any CPU.Build.0 = Release|Any CPU
		{49D18293-F76A-4059-824B-4A199B464150}.Debug|Any CPU.ActiveCfg = Debug|Any CPU
		{49D18293-F76A-4059-824B-4A199B464150}.Debug|Any CPU.Build.0 = Debug|Any CPU
		{49D18293-F76A-4059-824B-4A199B464150}.Release|Any CPU.ActiveCfg = Release|Any CPU
		{49D18293-F76A-4059-824B-4A199B464150}.Release|Any CPU.Build.0 = Release|Any CPU
	EndGlobalSection
	GlobalSection(SolutionProperties) = preSolution
		HideSolutionNode = FALSE
	EndGlobalSection
	GlobalSection(ExtensibilityGlobals) = postSolution
		SolutionGuid = {B682B7DD-F954-4E7F-85AE-3D5A9A4E898F}
	EndGlobalSection
EndGlobal
